
Microsoft Visual Studio Solution File, Format Version 12.00
# Visual Studio Version 17
VisualStudioVersion = 17.1.32210.238
MinimumVisualStudioVersion = 10.0.40219.1
Project("{FAE04EC0-301F-11D3-BF4B-00C04F79EFBC}") = "zaverecny projekt", "zaverecny projekt\zaverecny projekt.csproj", "{F5C7AEC7-4A33-4C6B-9BD2-EBE2CAEAAFBD}"
EndProject
Global
	GlobalSection(SolutionConfigurationPlatforms) = preSolution
		Debug|Any CPU = Debug|Any CPU
		Release|Any CPU = Release|Any CPU
	EndGlobalSection
	GlobalSection(ProjectConfigurationPlatforms) = postSolution
		{F5C7AEC7-4A33-4C6B-9BD2-EBE2CAEAAFBD}.Debug|Any CPU.ActiveCfg = Debug|Any CPU
		{F5C7AEC7-4A33-4C6B-9BD2-EBE2CAEAAFBD}.Debug|Any CPU.Build.0 = Debug|Any CPU
		{F5C7AEC7-4A33-4C6B-9BD2-EBE2CAEAAFBD}.Release|Any CPU.ActiveCfg = Release|Any CPU
		{F5C7AEC7-4A33-4C6B-9BD2-EBE2CAEAAFBD}.Release|Any CPU.Build.0 = Release|Any CPU
	EndGlobalSection
	GlobalSection(SolutionProperties) = preSolution
		HideSolutionNode = FALSE
	EndGlobalSection
	GlobalSection(ExtensibilityGlobals) = postSolution
		SolutionGuid = {1EB217AB-61C7-483D-A957-026DBD3EF5A2}
	EndGlobalSection
EndGlobal
